
Microsoft Visual Studio Solution File, Format Version 12.00
# Visual Studio 15
VisualStudioVersion = 15.0.28307.779
MinimumVisualStudioVersion = 10.0.40219.1
Project("{FAE04EC0-301F-11D3-BF4B-00C04F79EFBC}") = "CoffeeShopApp", "CoffeeShopApp\CoffeeShopApp.csproj", "{D8502D3E-F337-4596-9168-1B083C165573}"
EndProject
Global
	GlobalSection(SolutionConfigurationPlatforms) = preSolution
		Debug|Any CPU = Debug|Any CPU
		Release|Any CPU = Release|Any CPU
	EndGlobalSection
	GlobalSection(ProjectConfigurationPlatforms) = postSolution
		{D8502D3E-F337-4596-9168-1B083C165573}.Debug|Any CPU.ActiveCfg = Debug|Any CPU
		{D8502D3E-F337-4596-9168-1B083C165573}.Debug|Any CPU.Build.0 = Debug|Any CPU
		{D8502D3E-F337-4596-9168-1B083C165573}.Release|Any CPU.ActiveCfg = Release|Any CPU
		{D8502D3E-F337-4596-9168-1B083C165573}.Release|Any CPU.Build.0 = Release|Any CPU
	EndGlobalSection
	GlobalSection(SolutionProperties) = preSolution
		HideSolutionNode = FALSE
	EndGlobalSection
	GlobalSection(ExtensibilityGlobals) = postSolution
		SolutionGuid = {532A2726-F0B9-4275-A266-E7C53F4BF8D7}
	EndGlobalSection
EndGlobal
